
Microsoft Visual Studio Solution File, Format Version 12.00
# Visual Studio Version 17
VisualStudioVersion = 17.10.35013.160
MinimumVisualStudioVersion = 10.0.40219.1
Project("{9A19103F-16F7-4668-BE54-9A1E7A4F7556}") = "ClassFecha", "ClassLibrary1\ClassFecha.csproj", "{3D6F566D-0251-427C-B8CE-9CF977BFC4A0}"
EndProject
Project("{9A19103F-16F7-4668-BE54-9A1E7A4F7556}") = "WebApiFecha", "WebApiFecha\WebApiFecha.csproj", "{854EA860-8290-486E-A27F-9DC52EB29580}"
EndProject
Global
	GlobalSection(SolutionConfigurationPlatforms) = preSolution
		Debug|Any CPU = Debug|Any CPU
		Release|Any CPU = Release|Any CPU
	EndGlobalSection
	GlobalSection(ProjectConfigurationPlatforms) = postSolution
		{3D6F566D-0251-427C-B8CE-9CF977BFC4A0}.Debug|Any CPU.ActiveCfg = Debug|Any CPU
		{3D6F566D-0251-427C-B8CE-9CF977BFC4A0}.Debug|Any CPU.Build.0 = Debug|Any CPU
		{3D6F566D-0251-427C-B8CE-9CF977BFC4A0}.Release|Any CPU.ActiveCfg = Release|Any CPU
		{3D6F566D-0251-427C-B8CE-9CF977BFC4A0}.Release|Any CPU.Build.0 = Release|Any CPU
		{854EA860-8290-486E-A27F-9DC52EB29580}.Debug|Any CPU.ActiveCfg = Debug|Any CPU
		{854EA860-8290-486E-A27F-9DC52EB29580}.Debug|Any CPU.Build.0 = Debug|Any CPU
		{854EA860-8290-486E-A27F-9DC52EB29580}.Release|Any CPU.ActiveCfg = Release|Any CPU
		{854EA860-8290-486E-A27F-9DC52EB29580}.Release|Any CPU.Build.0 = Release|Any CPU
	EndGlobalSection
	GlobalSection(SolutionProperties) = preSolution
		HideSolutionNode = FALSE
	EndGlobalSection
	GlobalSection(ExtensibilityGlobals) = postSolution
		SolutionGuid = {99050E37-2373-472E-9B0B-40185E087106}
	EndGlobalSection
EndGlobal
